
Microsoft Visual Studio Solution File, Format Version 12.00
# Visual Studio Version 16
VisualStudioVersion = 16.0.29025.244
MinimumVisualStudioVersion = 10.0.40219.1
Project("{8BC9CEB8-8B4A-11D0-8D11-00A0C91BC942}") = "Condemn", "Condemn\Condemn.vcxproj", "{64F16397-86E3-4AD5-9242-73FA68EAC312}"
EndProject
Global
	GlobalSection(SolutionConfigurationPlatforms) = preSolution
		Debug|x64 = Debug|x64
		Debug|x86 = Debug|x86
		Release|x64 = Release|x64
		Release|x86 = Release|x86
	EndGlobalSection
	GlobalSection(ProjectConfigurationPlatforms) = postSolution
		{64F16397-86E3-4AD5-9242-73FA68EAC312}.Debug|x64.ActiveCfg = Debug|x64
		{64F16397-86E3-4AD5-9242-73FA68EAC312}.Debug|x64.Build.0 = Debug|x64
		{64F16397-86E3-4AD5-9242-73FA68EAC312}.Debug|x86.ActiveCfg = Debug|Win32
		{64F16397-86E3-4AD5-9242-73FA68EAC312}.Debug|x86.Build.0 = Debug|Win32
		{64F16397-86E3-4AD5-9242-73FA68EAC312}.Release|x64.ActiveCfg = Release|x64
		{64F16397-86E3-4AD5-9242-73FA68EAC312}.Release|x64.Build.0 = Release|x64
		{64F16397-86E3-4AD5-9242-73FA68EAC312}.Release|x86.ActiveCfg = Release|Win32
		{64F16397-86E3-4AD5-9242-73FA68EAC312}.Release|x86.Build.0 = Release|Win32
	EndGlobalSection
	GlobalSection(SolutionProperties) = preSolution
		HideSolutionNode = FALSE
	EndGlobalSection
	GlobalSection(ExtensibilityGlobals) = postSolution
		SolutionGuid = {9B20F79C-EC82-48F8-9B59-2D70188F6CA4}
	EndGlobalSection
EndGlobal
